
Microsoft Visual Studio Solution File, Format Version 12.00
# Visual Studio Version 17
VisualStudioVersion = 17.5.002.0
MinimumVisualStudioVersion = 10.0.40219.1
Project("{9A19103F-16F7-4668-BE54-9A1E7A4F7556}") = "Game2048.Logic", "Game2048.Logic\Game2048.Logic.csproj", "{284DAD0F-E4B2-4290-840E-44D525D0FC75}"
EndProject
Project("{9A19103F-16F7-4668-BE54-9A1E7A4F7556}") = "2048-dotnet-console", "2048-dotnet-console\2048-dotnet-console.csproj", "{94676E22-E29A-4B48-A4DA-7DE945F0B685}"
EndProject
Project("{9A19103F-16F7-4668-BE54-9A1E7A4F7556}") = "Game2048.Shared", "Game2048.Shared\Game2048.Shared.csproj", "{C94466CC-E496-4D62-9AAD-1B528806B798}"
EndProject
Project("{9A19103F-16F7-4668-BE54-9A1E7A4F7556}") = "Game2048.Config", "Game2048.Config\Game2048.Config.csproj", "{6A225DBA-6669-4FCA-8A0F-CE9D920EC330}"
EndProject
Project("{9A19103F-16F7-4668-BE54-9A1E7A4F7556}") = "Game2048.Repository", "Game2048.Repository\Game2048.Repository.csproj", "{71FF0FC9-2836-4453-93B5-C05E48CEBEA0}"
EndProject
Project("{9A19103F-16F7-4668-BE54-9A1E7A4F7556}") = "ConsoleClient.Display", "ConsoleClient.Display\ConsoleClient.Display.csproj", "{1F689BAD-2FBB-45C5-AE53-F3A2DCED2D60}"
EndProject
Project("{9A19103F-16F7-4668-BE54-9A1E7A4F7556}") = "ConsoleClient.Shared", "ConsoleClient.Shared\ConsoleClient.Shared.csproj", "{EAFD5C2E-8BE6-4EFC-B4E4-B1967FFF78F3}"
EndProject
Project("{FAE04EC0-301F-11D3-BF4B-00C04F79EFBC}") = "ConsoleClient.Menu", "ConsoleClient.Menu\ConsoleClient.Menu.csproj", "{C77DE883-A115-46C5-A2E3-D0C6BB4BB2A2}"
EndProject
Global
	GlobalSection(SolutionConfigurationPlatforms) = preSolution
		Debug|Any CPU = Debug|Any CPU
		Release|Any CPU = Release|Any CPU
	EndGlobalSection
	GlobalSection(ProjectConfigurationPlatforms) = postSolution
		{284DAD0F-E4B2-4290-840E-44D525D0FC75}.Debug|Any CPU.ActiveCfg = Debug|Any CPU
		{284DAD0F-E4B2-4290-840E-44D525D0FC75}.Debug|Any CPU.Build.0 = Debug|Any CPU
		{284DAD0F-E4B2-4290-840E-44D525D0FC75}.Release|Any CPU.ActiveCfg = Release|Any CPU
		{284DAD0F-E4B2-4290-840E-44D525D0FC75}.Release|Any CPU.Build.0 = Release|Any CPU
		{94676E22-E29A-4B48-A4DA-7DE945F0B685}.Debug|Any CPU.ActiveCfg = Debug|Any CPU
		{94676E22-E29A-4B48-A4DA-7DE945F0B685}.Debug|Any CPU.Build.0 = Debug|Any CPU
		{94676E22-E29A-4B48-A4DA-7DE945F0B685}.Release|Any CPU.ActiveCfg = Release|Any CPU
		{94676E22-E29A-4B48-A4DA-7DE945F0B685}.Release|Any CPU.Build.0 = Release|Any CPU
		{C94466CC-E496-4D62-9AAD-1B528806B798}.Debug|Any CPU.ActiveCfg = Debug|Any CPU
		{C94466CC-E496-4D62-9AAD-1B528806B798}.Debug|Any CPU.Build.0 = Debug|Any CPU
		{C94466CC-E496-4D62-9AAD-1B528806B798}.Release|Any CPU.ActiveCfg = Release|Any CPU
		{C94466CC-E496-4D62-9AAD-1B528806B798}.Release|Any CPU.Build.0 = Release|Any CPU
		{6A225DBA-6669-4FCA-8A0F-CE9D920EC330}.Debug|Any CPU.ActiveCfg = Debug|Any CPU
		{6A225DBA-6669-4FCA-8A0F-CE9D920EC330}.Debug|Any CPU.Build.0 = Debug|Any CPU
		{6A225DBA-6669-4FCA-8A0F-CE9D920EC330}.Release|Any CPU.ActiveCfg = Release|Any CPU
		{6A225DBA-6669-4FCA-8A0F-CE9D920EC330}.Release|Any CPU.Build.0 = Release|Any CPU
		{71FF0FC9-2836-4453-93B5-C05E48CEBEA0}.Debug|Any CPU.ActiveCfg = Debug|Any CPU
		{71FF0FC9-2836-4453-93B5-C05E48CEBEA0}.Debug|Any CPU.Build.0 = Debug|Any CPU
		{71FF0FC9-2836-4453-93B5-C05E48CEBEA0}.Release|Any CPU.ActiveCfg = Release|Any CPU
		{71FF0FC9-2836-4453-93B5-C05E48CEBEA0}.Release|Any CPU.Build.0 = Release|Any CPU
		{1F689BAD-2FBB-45C5-AE53-F3A2DCED2D60}.Debug|Any CPU.ActiveCfg = Debug|Any CPU
		{1F689BAD-2FBB-45C5-AE53-F3A2DCED2D60}.Debug|Any CPU.Build.0 = Debug|Any CPU
		{1F689BAD-2FBB-45C5-AE53-F3A2DCED2D60}.Release|Any CPU.ActiveCfg = Release|Any CPU
		{1F689BAD-2FBB-45C5-AE53-F3A2DCED2D60}.Release|Any CPU.Build.0 = Release|Any CPU
		{EAFD5C2E-8BE6-4EFC-B4E4-B1967FFF78F3}.Debug|Any CPU.ActiveCfg = Debug|Any CPU
		{EAFD5C2E-8BE6-4EFC-B4E4-B1967FFF78F3}.Debug|Any CPU.Build.0 = Debug|Any CPU
		{EAFD5C2E-8BE6-4EFC-B4E4-B1967FFF78F3}.Release|Any CPU.ActiveCfg = Release|Any CPU
		{EAFD5C2E-8BE6-4EFC-B4E4-B1967FFF78F3}.Release|Any CPU.Build.0 = Release|Any CPU
		{C77DE883-A115-46C5-A2E3-D0C6BB4BB2A2}.Debug|Any CPU.ActiveCfg = Debug|Any CPU
		{C77DE883-A115-46C5-A2E3-D0C6BB4BB2A2}.Debug|Any CPU.Build.0 = Debug|Any CPU
		{C77DE883-A115-46C5-A2E3-D0C6BB4BB2A2}.Release|Any CPU.ActiveCfg = Release|Any CPU
		{C77DE883-A115-46C5-A2E3-D0C6BB4BB2A2}.Release|Any CPU.Build.0 = Release|Any CPU
	EndGlobalSection
	GlobalSection(SolutionProperties) = preSolution
		HideSolutionNode = FALSE
	EndGlobalSection
	GlobalSection(ExtensibilityGlobals) = postSolution
		SolutionGuid = {304210F3-FED2-4E40-BACF-C2CE847E2141}
	EndGlobalSection
EndGlobal
